
Microsoft Visual Studio Solution File, Format Version 12.00
Project("{FAE04EC0-301F-11D3-BF4B-00C04F79EFBC}") = "WebApi", "WebApi\WebApi.csproj", "{8E0E0C34-0ACA-4BFC-92F4-CA6A3D0E835B}"
EndProject
Project("{FAE04EC0-301F-11D3-BF4B-00C04F79EFBC}") = "Infrastructure", "Infrastructure\Infrastructure.csproj", "{05CD40B0-4A0F-4AF5-BAE8-6ECFD04861C0}"
EndProject
Project("{FAE04EC0-301F-11D3-BF4B-00C04F79EFBC}") = "Application", "Application\Application.csproj", "{B90CDDA9-BEF0-4540-8550-D19ED156E666}"
EndProject
Project("{FAE04EC0-301F-11D3-BF4B-00C04F79EFBC}") = "Domain", "Domain\Domain.csproj", "{C90A1A8F-F3E6-4E3A-B43D-5D6F9E3741A4}"
EndProject
Project("{FAE04EC0-301F-11D3-BF4B-00C04F79EFBC}") = "Application.Tests", "Application.Tests\Application.Tests.csproj", "{606890E2-0C60-4766-B277-D4756A913723}"
EndProject
Global
	GlobalSection(SolutionConfigurationPlatforms) = preSolution
		Debug|Any CPU = Debug|Any CPU
		Release|Any CPU = Release|Any CPU
	EndGlobalSection
	GlobalSection(ProjectConfigurationPlatforms) = postSolution
		{8E0E0C34-0ACA-4BFC-92F4-CA6A3D0E835B}.Debug|Any CPU.ActiveCfg = Debug|Any CPU
		{8E0E0C34-0ACA-4BFC-92F4-CA6A3D0E835B}.Debug|Any CPU.Build.0 = Debug|Any CPU
		{8E0E0C34-0ACA-4BFC-92F4-CA6A3D0E835B}.Release|Any CPU.ActiveCfg = Release|Any CPU
		{8E0E0C34-0ACA-4BFC-92F4-CA6A3D0E835B}.Release|Any CPU.Build.0 = Release|Any CPU
		{05CD40B0-4A0F-4AF5-BAE8-6ECFD04861C0}.Debug|Any CPU.ActiveCfg = Debug|Any CPU
		{05CD40B0-4A0F-4AF5-BAE8-6ECFD04861C0}.Debug|Any CPU.Build.0 = Debug|Any CPU
		{05CD40B0-4A0F-4AF5-BAE8-6ECFD04861C0}.Release|Any CPU.ActiveCfg = Release|Any CPU
		{05CD40B0-4A0F-4AF5-BAE8-6ECFD04861C0}.Release|Any CPU.Build.0 = Release|Any CPU
		{B90CDDA9-BEF0-4540-8550-D19ED156E666}.Debug|Any CPU.ActiveCfg = Debug|Any CPU
		{B90CDDA9-BEF0-4540-8550-D19ED156E666}.Debug|Any CPU.Build.0 = Debug|Any CPU
		{B90CDDA9-BEF0-4540-8550-D19ED156E666}.Release|Any CPU.ActiveCfg = Release|Any CPU
		{B90CDDA9-BEF0-4540-8550-D19ED156E666}.Release|Any CPU.Build.0 = Release|Any CPU
		{C90A1A8F-F3E6-4E3A-B43D-5D6F9E3741A4}.Debug|Any CPU.ActiveCfg = Debug|Any CPU
		{C90A1A8F-F3E6-4E3A-B43D-5D6F9E3741A4}.Debug|Any CPU.Build.0 = Debug|Any CPU
		{C90A1A8F-F3E6-4E3A-B43D-5D6F9E3741A4}.Release|Any CPU.ActiveCfg = Release|Any CPU
		{C90A1A8F-F3E6-4E3A-B43D-5D6F9E3741A4}.Release|Any CPU.Build.0 = Release|Any CPU
		{606890E2-0C60-4766-B277-D4756A913723}.Debug|Any CPU.ActiveCfg = Debug|Any CPU
		{606890E2-0C60-4766-B277-D4756A913723}.Debug|Any CPU.Build.0 = Debug|Any CPU
		{606890E2-0C60-4766-B277-D4756A913723}.Release|Any CPU.ActiveCfg = Release|Any CPU
		{606890E2-0C60-4766-B277-D4756A913723}.Release|Any CPU.Build.0 = Release|Any CPU
	EndGlobalSection
EndGlobal
